
Microsoft Visual Studio Solution File, Format Version 12.00
# Visual Studio Version 17
VisualStudioVersion = 17.14.36310.24 d17.14
MinimumVisualStudioVersion = 10.0.40219.1
Project("{FAE04EC0-301F-11D3-BF4B-00C04F79EFBC}") = "ContactManagement", "ContactManagement.csproj", "{8238BAE0-D315-4D83-9D1F-30CC98637836}"
EndProject
Global
	GlobalSection(SolutionConfigurationPlatforms) = preSolution
		Debug|Any CPU = Debug|Any CPU
		Release|Any CPU = Release|Any CPU
	EndGlobalSection
	GlobalSection(ProjectConfigurationPlatforms) = postSolution
		{8238BAE0-D315-4D83-9D1F-30CC98637836}.Debug|Any CPU.ActiveCfg = Debug|Any CPU
		{8238BAE0-D315-4D83-9D1F-30CC98637836}.Debug|Any CPU.Build.0 = Debug|Any CPU
		{8238BAE0-D315-4D83-9D1F-30CC98637836}.Release|Any CPU.ActiveCfg = Release|Any CPU
		{8238BAE0-D315-4D83-9D1F-30CC98637836}.Release|Any CPU.Build.0 = Release|Any CPU
	EndGlobalSection
	GlobalSection(SolutionProperties) = preSolution
		HideSolutionNode = FALSE
	EndGlobalSection
	GlobalSection(ExtensibilityGlobals) = postSolution
		SolutionGuid = {6967653E-7D1B-4F34-998D-8B9D184E5609}
	EndGlobalSection
EndGlobal
